
Microsoft Visual Studio Solution File, Format Version 12.00
# Visual Studio Version 18
VisualStudioVersion = 18.0.11222.15
MinimumVisualStudioVersion = 10.0.40219.1
Project("{2150E333-8FDC-42A3-9474-1A3956D46DE8}") = "src", "src", "{02EA681E-C7D8-13C7-8484-4AC65E1B71E8}"
EndProject
Project("{2150E333-8FDC-42A3-9474-1A3956D46DE8}") = "HiveSpace.ApiGateway", "HiveSpace.ApiGateway", "{983AAABA-65F5-43CE-8A72-E2BD12AECEA4}"
EndProject
Project("{2150E333-8FDC-42A3-9474-1A3956D46DE8}") = "libs", "libs", "{8E604477-D2AC-48FD-A8EF-349D246FAC03}"
EndProject
Project("{FAE04EC0-301F-11D3-BF4B-00C04F79EFBC}") = "HiveSpace.Core", "libs\HiveSpace.Core\HiveSpace.Core.csproj", "{A1C7DAC3-2F17-4A34-078C-478180B72148}"
EndProject
Project("{FAE04EC0-301F-11D3-BF4B-00C04F79EFBC}") = "HiveSpace.Domain.Shared", "libs\HiveSpace.Domain.Shared\HiveSpace.Domain.Shared.csproj", "{9E47C24A-8E78-AD21-4A98-232284B0394C}"
EndProject
Project("{FAE04EC0-301F-11D3-BF4B-00C04F79EFBC}") = "HiveSpace.Infrastructure.Messaging", "libs\HiveSpace.Infrastructure.Messaging\HiveSpace.Infrastructure.Messaging.csproj", "{7C7FF4E5-FB42-6FCB-ED9C-E27CF40B6DA9}"
EndProject
Project("{FAE04EC0-301F-11D3-BF4B-00C04F79EFBC}") = "HiveSpace.Infrastructure.Persistence", "libs\HiveSpace.Infrastructure.Persistence\HiveSpace.Infrastructure.Persistence.csproj", "{BF4216B8-2CA4-728D-84CD-0490ACE58275}"
EndProject
Project("{FAE04EC0-301F-11D3-BF4B-00C04F79EFBC}") = "HiveSpace.YarpApiGateway", "src\HiveSpace.ApiGateway\HiveSpace.YarpApiGateway\HiveSpace.YarpApiGateway.csproj", "{3462DB16-D695-9630-4391-D5ED5935099A}"
EndProject
Project("{FAE04EC0-301F-11D3-BF4B-00C04F79EFBC}") = "HiveSpace.Application.Shared", "libs\HiveSpace.Application.Shared\HiveSpace.Application.Shared.csproj", "{5853E354-EB72-486A-B01F-83EA45070B1A}"
EndProject
Project("{FAE04EC0-301F-11D3-BF4B-00C04F79EFBC}") = "HiveSpace.Infrastructure.Authorization", "libs\HiveSpace.Infrastructure.Authorization\HiveSpace.Infrastructure.Authorization.csproj", "{F2B8C9A1-3D4E-4F5A-8B7C-1E9F0D2A5C3B}"
EndProject
Project("{2150E333-8FDC-42A3-9474-1A3956D46DE8}") = "HiveSpace.UserService", "HiveSpace.UserService", "{C6D12F93-D17B-4166-AD38-093ECCB27DC8}"
EndProject
Project("{FAE04EC0-301F-11D3-BF4B-00C04F79EFBC}") = "HiveSpace.UserService.Domain", "src\HiveSpace.UserService\HiveSpace.UserService.Domain\HiveSpace.UserService.Domain.csproj", "{C172BC1D-CA86-4940-B274-58919BC27A3F}"
EndProject
Project("{FAE04EC0-301F-11D3-BF4B-00C04F79EFBC}") = "HiveSpace.UserService.Api", "src\HiveSpace.UserService\HiveSpace.UserService.Api\HiveSpace.UserService.Api.csproj", "{E25CFF53-28E9-4255-861A-1E31BBFE02D9}"
EndProject
Project("{FAE04EC0-301F-11D3-BF4B-00C04F79EFBC}") = "HiveSpace.UserService.Infrastructure", "src\HiveSpace.UserService\HiveSpace.UserService.Infrastructure\HiveSpace.UserService.Infrastructure.csproj", "{0DE2D0CD-1A31-42C5-A8D3-75B6221A067C}"
EndProject
Project("{FAE04EC0-301F-11D3-BF4B-00C04F79EFBC}") = "HiveSpace.UserService.Application", "src\HiveSpace.UserService\HiveSpace.UserService.Application\HiveSpace.UserService.Application.csproj", "{83497043-B70A-4C9A-8B6B-56740F7C4D7B}"
EndProject
Project("{2150E333-8FDC-42A3-9474-1A3956D46DE8}") = "HiveSpace.CatalogService", "HiveSpace.CatalogService", "{17EF53D8-2BD8-436D-928E-85A1108F6781}"
EndProject
Project("{FAE04EC0-301F-11D3-BF4B-00C04F79EFBC}") = "HiveSpace.CatalogService.API", "src\HiveSpace.CatalogService\HiveSpace.CatalogService.API\HiveSpace.CatalogService.API.csproj", "{5711BA4D-01E8-434F-9BE3-02D13EA3C77F}"
EndProject
Project("{FAE04EC0-301F-11D3-BF4B-00C04F79EFBC}") = "HiveSpace.CatalogService.Application", "src\HiveSpace.CatalogService\HiveSpace.CatalogService.Application\HiveSpace.CatalogService.Application.csproj", "{6CDA8617-AAF5-4151-B86A-50762094859E}"
EndProject
Project("{FAE04EC0-301F-11D3-BF4B-00C04F79EFBC}") = "HiveSpace.CatalogService.Domain", "src\HiveSpace.CatalogService\HiveSpace.CatalogService.Domain\HiveSpace.CatalogService.Domain.csproj", "{572779C3-109A-44EA-8166-6513B3CDB63B}"
EndProject
Project("{FAE04EC0-301F-11D3-BF4B-00C04F79EFBC}") = "HiveSpace.CatalogService.Infrastructure", "src\HiveSpace.CatalogService\HiveSpace.CatalogService.Infrastructure\HiveSpace.CatalogService.Infrastructure.csproj", "{9EB41060-B453-4816-AD32-5D3040CCF4A6}"
EndProject
Project("{2150E333-8FDC-42A3-9474-1A3956D46DE8}") = "HiveSpace", "HiveSpace", "{EE818222-7D45-30D7-4A47-18D467CC099A}"
EndProject
Project("{FAE04EC0-301F-11D3-BF4B-00C04F79EFBC}") = "HiveSpace.MediaService.Func", "src\HiveSpace.MediaService\HiveSpace.MediaService.Func\HiveSpace.MediaService.Func.csproj", "{10D27F4D-6958-4B7F-BED2-9F8B57E4D909}"
EndProject
Project("{FAE04EC0-301F-11D3-BF4B-00C04F79EFBC}") = "HiveSpace.Infrastructure.Messaging.Shared", "libs\HiveSpace.Infrastructure.Messaging.Shared\HiveSpace.Infrastructure.Messaging.Shared.csproj", "{8236F463-FD72-4401-8FCB-171C86EE3C1A}"
EndProject
Project("{2150E333-8FDC-42A3-9474-1A3956D46DE8}") = "HiveSpace.MediaService", "HiveSpace.MediaService", "{E2A1845F-AD98-4844-BFF1-F07B959A2DC0}"
EndProject
Project("{2150E333-8FDC-42A3-9474-1A3956D46DE8}") = "infra", "infra", "{E0000000-0000-0000-0000-000000000001}"
	ProjectSection(SolutionItems) = preProject
		infra\api-gateway.bicep = infra\api-gateway.bicep
		infra\catalog-service.bicep = infra\catalog-service.bicep
		infra\media-service.bicep = infra\media-service.bicep
		infra\user-service.bicep = infra\user-service.bicep
	EndProjectSection
EndProject
Project("{2150E333-8FDC-42A3-9474-1A3956D46DE8}") = "parameters", "parameters", "{E0000000-0000-0000-0000-000000000002}"
	ProjectSection(SolutionItems) = preProject
		infra\parameters\media-service-dev.json = infra\parameters\media-service-dev.json
		infra\parameters\user-service-dev.json = infra\parameters\user-service-dev.json
	EndProjectSection
EndProject
Project("{2150E333-8FDC-42A3-9474-1A3956D46DE8}") = ".github", ".github", "{E0000000-0000-0000-0000-000000000003}"
	ProjectSection(SolutionItems) = preProject
		.github\copilot-instructions.md = .github\copilot-instructions.md
	EndProjectSection
EndProject
Project("{2150E333-8FDC-42A3-9474-1A3956D46DE8}") = "workflows", "workflows", "{E0000000-0000-0000-0000-000000000004}"
	ProjectSection(SolutionItems) = preProject
		.github\workflows\api-gateway-ci.yml = .github\workflows\api-gateway-ci.yml
		.github\workflows\catalog-service-ci.yml = .github\workflows\catalog-service-ci.yml
		.github\workflows\media-service-func-ci.yml = .github\workflows\media-service-func-ci.yml
		.github\workflows\user-service-ci.yml = .github\workflows\user-service-ci.yml
	EndProjectSection
EndProject
Global
	GlobalSection(SolutionConfigurationPlatforms) = preSolution
		Debug|Any CPU = Debug|Any CPU
		Debug|x64 = Debug|x64
		Debug|x86 = Debug|x86
		Release|Any CPU = Release|Any CPU
		Release|x64 = Release|x64
		Release|x86 = Release|x86
	EndGlobalSection
	GlobalSection(ProjectConfigurationPlatforms) = postSolution
		{A1C7DAC3-2F17-4A34-078C-478180B72148}.Debug|Any CPU.ActiveCfg = Debug|Any CPU
		{A1C7DAC3-2F17-4A34-078C-478180B72148}.Debug|Any CPU.Build.0 = Debug|Any CPU
		{A1C7DAC3-2F17-4A34-078C-478180B72148}.Debug|x64.ActiveCfg = Debug|Any CPU
		{A1C7DAC3-2F17-4A34-078C-478180B72148}.Debug|x64.Build.0 = Debug|Any CPU
		{A1C7DAC3-2F17-4A34-078C-478180B72148}.Debug|x86.ActiveCfg = Debug|Any CPU
		{A1C7DAC3-2F17-4A34-078C-478180B72148}.Debug|x86.Build.0 = Debug|Any CPU
		{A1C7DAC3-2F17-4A34-078C-478180B72148}.Release|Any CPU.ActiveCfg = Release|Any CPU
		{A1C7DAC3-2F17-4A34-078C-478180B72148}.Release|Any CPU.Build.0 = Release|Any CPU
		{A1C7DAC3-2F17-4A34-078C-478180B72148}.Release|x64.ActiveCfg = Release|Any CPU
		{A1C7DAC3-2F17-4A34-078C-478180B72148}.Release|x64.Build.0 = Release|Any CPU
		{A1C7DAC3-2F17-4A34-078C-478180B72148}.Release|x86.ActiveCfg = Release|Any CPU
		{A1C7DAC3-2F17-4A34-078C-478180B72148}.Release|x86.Build.0 = Release|Any CPU
		{9E47C24A-8E78-AD21-4A98-232284B0394C}.Debug|Any CPU.ActiveCfg = Debug|Any CPU
		{9E47C24A-8E78-AD21-4A98-232284B0394C}.Debug|Any CPU.Build.0 = Debug|Any CPU
		{9E47C24A-8E78-AD21-4A98-232284B0394C}.Debug|x64.ActiveCfg = Debug|Any CPU
		{9E47C24A-8E78-AD21-4A98-232284B0394C}.Debug|x64.Build.0 = Debug|Any CPU
		{9E47C24A-8E78-AD21-4A98-232284B0394C}.Debug|x86.ActiveCfg = Debug|Any CPU
		{9E47C24A-8E78-AD21-4A98-232284B0394C}.Debug|x86.Build.0 = Debug|Any CPU
		{9E47C24A-8E78-AD21-4A98-232284B0394C}.Release|Any CPU.ActiveCfg = Release|Any CPU
		{9E47C24A-8E78-AD21-4A98-232284B0394C}.Release|Any CPU.Build.0 = Release|Any CPU
		{9E47C24A-8E78-AD21-4A98-232284B0394C}.Release|x64.ActiveCfg = Release|Any CPU
		{9E47C24A-8E78-AD21-4A98-232284B0394C}.Release|x64.Build.0 = Release|Any CPU
		{9E47C24A-8E78-AD21-4A98-232284B0394C}.Release|x86.ActiveCfg = Release|Any CPU
		{9E47C24A-8E78-AD21-4A98-232284B0394C}.Release|x86.Build.0 = Release|Any CPU
		{7C7FF4E5-FB42-6FCB-ED9C-E27CF40B6DA9}.Debug|Any CPU.ActiveCfg = Debug|Any CPU
		{7C7FF4E5-FB42-6FCB-ED9C-E27CF40B6DA9}.Debug|Any CPU.Build.0 = Debug|Any CPU
		{7C7FF4E5-FB42-6FCB-ED9C-E27CF40B6DA9}.Debug|x64.ActiveCfg = Debug|Any CPU
		{7C7FF4E5-FB42-6FCB-ED9C-E27CF40B6DA9}.Debug|x64.Build.0 = Debug|Any CPU
		{7C7FF4E5-FB42-6FCB-ED9C-E27CF40B6DA9}.Debug|x86.ActiveCfg = Debug|Any CPU
		{7C7FF4E5-FB42-6FCB-ED9C-E27CF40B6DA9}.Debug|x86.Build.0 = Debug|Any CPU
		{7C7FF4E5-FB42-6FCB-ED9C-E27CF40B6DA9}.Release|Any CPU.ActiveCfg = Release|Any CPU
		{7C7FF4E5-FB42-6FCB-ED9C-E27CF40B6DA9}.Release|Any CPU.Build.0 = Release|Any CPU
		{7C7FF4E5-FB42-6FCB-ED9C-E27CF40B6DA9}.Release|x64.ActiveCfg = Release|Any CPU
		{7C7FF4E5-FB42-6FCB-ED9C-E27CF40B6DA9}.Release|x64.Build.0 = Release|Any CPU
		{7C7FF4E5-FB42-6FCB-ED9C-E27CF40B6DA9}.Release|x86.ActiveCfg = Release|Any CPU
		{7C7FF4E5-FB42-6FCB-ED9C-E27CF40B6DA9}.Release|x86.Build.0 = Release|Any CPU
		{BF4216B8-2CA4-728D-84CD-0490ACE58275}.Debug|Any CPU.ActiveCfg = Debug|Any CPU
		{BF4216B8-2CA4-728D-84CD-0490ACE58275}.Debug|Any CPU.Build.0 = Debug|Any CPU
		{BF4216B8-2CA4-728D-84CD-0490ACE58275}.Debug|x64.ActiveCfg = Debug|Any CPU
		{BF4216B8-2CA4-728D-84CD-0490ACE58275}.Debug|x64.Build.0 = Debug|Any CPU
		{BF4216B8-2CA4-728D-84CD-0490ACE58275}.Debug|x86.ActiveCfg = Debug|Any CPU
		{BF4216B8-2CA4-728D-84CD-0490ACE58275}.Debug|x86.Build.0 = Debug|Any CPU
		{BF4216B8-2CA4-728D-84CD-0490ACE58275}.Release|Any CPU.ActiveCfg = Release|Any CPU
		{BF4216B8-2CA4-728D-84CD-0490ACE58275}.Release|Any CPU.Build.0 = Release|Any CPU
		{BF4216B8-2CA4-728D-84CD-0490ACE58275}.Release|x64.ActiveCfg = Release|Any CPU
		{BF4216B8-2CA4-728D-84CD-0490ACE58275}.Release|x64.Build.0 = Release|Any CPU
		{BF4216B8-2CA4-728D-84CD-0490ACE58275}.Release|x86.ActiveCfg = Release|Any CPU
		{BF4216B8-2CA4-728D-84CD-0490ACE58275}.Release|x86.Build.0 = Release|Any CPU
		{3462DB16-D695-9630-4391-D5ED5935099A}.Debug|Any CPU.ActiveCfg = Debug|Any CPU
		{3462DB16-D695-9630-4391-D5ED5935099A}.Debug|Any CPU.Build.0 = Debug|Any CPU
		{3462DB16-D695-9630-4391-D5ED5935099A}.Debug|x64.ActiveCfg = Debug|Any CPU
		{3462DB16-D695-9630-4391-D5ED5935099A}.Debug|x64.Build.0 = Debug|Any CPU
		{3462DB16-D695-9630-4391-D5ED5935099A}.Debug|x86.ActiveCfg = Debug|Any CPU
		{3462DB16-D695-9630-4391-D5ED5935099A}.Debug|x86.Build.0 = Debug|Any CPU
		{3462DB16-D695-9630-4391-D5ED5935099A}.Release|Any CPU.ActiveCfg = Release|Any CPU
		{3462DB16-D695-9630-4391-D5ED5935099A}.Release|Any CPU.Build.0 = Release|Any CPU
		{3462DB16-D695-9630-4391-D5ED5935099A}.Release|x64.ActiveCfg = Release|Any CPU
		{3462DB16-D695-9630-4391-D5ED5935099A}.Release|x64.Build.0 = Release|Any CPU
		{3462DB16-D695-9630-4391-D5ED5935099A}.Release|x86.ActiveCfg = Release|Any CPU
		{3462DB16-D695-9630-4391-D5ED5935099A}.Release|x86.Build.0 = Release|Any CPU
		{5853E354-EB72-486A-B01F-83EA45070B1A}.Debug|Any CPU.ActiveCfg = Debug|Any CPU
		{5853E354-EB72-486A-B01F-83EA45070B1A}.Debug|Any CPU.Build.0 = Debug|Any CPU
		{5853E354-EB72-486A-B01F-83EA45070B1A}.Debug|x64.ActiveCfg = Debug|Any CPU
		{5853E354-EB72-486A-B01F-83EA45070B1A}.Debug|x64.Build.0 = Debug|Any CPU
		{5853E354-EB72-486A-B01F-83EA45070B1A}.Debug|x86.ActiveCfg = Debug|Any CPU
		{5853E354-EB72-486A-B01F-83EA45070B1A}.Debug|x86.Build.0 = Debug|Any CPU
		{5853E354-EB72-486A-B01F-83EA45070B1A}.Release|Any CPU.ActiveCfg = Release|Any CPU
		{5853E354-EB72-486A-B01F-83EA45070B1A}.Release|Any CPU.Build.0 = Release|Any CPU
		{5853E354-EB72-486A-B01F-83EA45070B1A}.Release|x64.ActiveCfg = Release|Any CPU
		{5853E354-EB72-486A-B01F-83EA45070B1A}.Release|x64.Build.0 = Release|Any CPU
		{5853E354-EB72-486A-B01F-83EA45070B1A}.Release|x86.ActiveCfg = Release|Any CPU
		{5853E354-EB72-486A-B01F-83EA45070B1A}.Release|x86.Build.0 = Release|Any CPU
		{F2B8C9A1-3D4E-4F5A-8B7C-1E9F0D2A5C3B}.Debug|Any CPU.ActiveCfg = Debug|Any CPU
		{F2B8C9A1-3D4E-4F5A-8B7C-1E9F0D2A5C3B}.Debug|Any CPU.Build.0 = Debug|Any CPU
		{F2B8C9A1-3D4E-4F5A-8B7C-1E9F0D2A5C3B}.Debug|x64.ActiveCfg = Debug|Any CPU
		{F2B8C9A1-3D4E-4F5A-8B7C-1E9F0D2A5C3B}.Debug|x64.Build.0 = Debug|Any CPU
		{F2B8C9A1-3D4E-4F5A-8B7C-1E9F0D2A5C3B}.Debug|x86.ActiveCfg = Debug|Any CPU
		{F2B8C9A1-3D4E-4F5A-8B7C-1E9F0D2A5C3B}.Debug|x86.Build.0 = Debug|Any CPU
		{F2B8C9A1-3D4E-4F5A-8B7C-1E9F0D2A5C3B}.Release|Any CPU.ActiveCfg = Release|Any CPU
		{F2B8C9A1-3D4E-4F5A-8B7C-1E9F0D2A5C3B}.Release|Any CPU.Build.0 = Release|Any CPU
		{F2B8C9A1-3D4E-4F5A-8B7C-1E9F0D2A5C3B}.Release|x64.ActiveCfg = Release|Any CPU
		{F2B8C9A1-3D4E-4F5A-8B7C-1E9F0D2A5C3B}.Release|x64.Build.0 = Release|Any CPU
		{F2B8C9A1-3D4E-4F5A-8B7C-1E9F0D2A5C3B}.Release|x86.ActiveCfg = Release|Any CPU
		{F2B8C9A1-3D4E-4F5A-8B7C-1E9F0D2A5C3B}.Release|x86.Build.0 = Release|Any CPU
		{C172BC1D-CA86-4940-B274-58919BC27A3F}.Debug|Any CPU.ActiveCfg = Debug|Any CPU
		{C172BC1D-CA86-4940-B274-58919BC27A3F}.Debug|Any CPU.Build.0 = Debug|Any CPU
		{C172BC1D-CA86-4940-B274-58919BC27A3F}.Debug|x64.ActiveCfg = Debug|Any CPU
		{C172BC1D-CA86-4940-B274-58919BC27A3F}.Debug|x64.Build.0 = Debug|Any CPU
		{C172BC1D-CA86-4940-B274-58919BC27A3F}.Debug|x86.ActiveCfg = Debug|Any CPU
		{C172BC1D-CA86-4940-B274-58919BC27A3F}.Debug|x86.Build.0 = Debug|Any CPU
		{C172BC1D-CA86-4940-B274-58919BC27A3F}.Release|Any CPU.ActiveCfg = Release|Any CPU
		{C172BC1D-CA86-4940-B274-58919BC27A3F}.Release|Any CPU.Build.0 = Release|Any CPU
		{C172BC1D-CA86-4940-B274-58919BC27A3F}.Release|x64.ActiveCfg = Release|Any CPU
		{C172BC1D-CA86-4940-B274-58919BC27A3F}.Release|x64.Build.0 = Release|Any CPU
		{C172BC1D-CA86-4940-B274-58919BC27A3F}.Release|x86.ActiveCfg = Release|Any CPU
		{C172BC1D-CA86-4940-B274-58919BC27A3F}.Release|x86.Build.0 = Release|Any CPU
		{E25CFF53-28E9-4255-861A-1E31BBFE02D9}.Debug|Any CPU.ActiveCfg = Debug|Any CPU
		{E25CFF53-28E9-4255-861A-1E31BBFE02D9}.Debug|Any CPU.Build.0 = Debug|Any CPU
		{E25CFF53-28E9-4255-861A-1E31BBFE02D9}.Debug|x64.ActiveCfg = Debug|Any CPU
		{E25CFF53-28E9-4255-861A-1E31BBFE02D9}.Debug|x64.Build.0 = Debug|Any CPU
		{E25CFF53-28E9-4255-861A-1E31BBFE02D9}.Debug|x86.ActiveCfg = Debug|Any CPU
		{E25CFF53-28E9-4255-861A-1E31BBFE02D9}.Debug|x86.Build.0 = Debug|Any CPU
		{E25CFF53-28E9-4255-861A-1E31BBFE02D9}.Release|Any CPU.ActiveCfg = Release|Any CPU
		{E25CFF53-28E9-4255-861A-1E31BBFE02D9}.Release|Any CPU.Build.0 = Release|Any CPU
		{E25CFF53-28E9-4255-861A-1E31BBFE02D9}.Release|x64.ActiveCfg = Release|Any CPU
		{E25CFF53-28E9-4255-861A-1E31BBFE02D9}.Release|x64.Build.0 = Release|Any CPU
		{E25CFF53-28E9-4255-861A-1E31BBFE02D9}.Release|x86.ActiveCfg = Release|Any CPU
		{E25CFF53-28E9-4255-861A-1E31BBFE02D9}.Release|x86.Build.0 = Release|Any CPU
		{0DE2D0CD-1A31-42C5-A8D3-75B6221A067C}.Debug|Any CPU.ActiveCfg = Debug|Any CPU
		{0DE2D0CD-1A31-42C5-A8D3-75B6221A067C}.Debug|Any CPU.Build.0 = Debug|Any CPU
		{0DE2D0CD-1A31-42C5-A8D3-75B6221A067C}.Debug|x64.ActiveCfg = Debug|Any CPU
		{0DE2D0CD-1A31-42C5-A8D3-75B6221A067C}.Debug|x64.Build.0 = Debug|Any CPU
		{0DE2D0CD-1A31-42C5-A8D3-75B6221A067C}.Debug|x86.ActiveCfg = Debug|Any CPU
		{0DE2D0CD-1A31-42C5-A8D3-75B6221A067C}.Debug|x86.Build.0 = Debug|Any CPU
		{0DE2D0CD-1A31-42C5-A8D3-75B6221A067C}.Release|Any CPU.ActiveCfg = Release|Any CPU
		{0DE2D0CD-1A31-42C5-A8D3-75B6221A067C}.Release|Any CPU.Build.0 = Release|Any CPU
		{0DE2D0CD-1A31-42C5-A8D3-75B6221A067C}.Release|x64.ActiveCfg = Release|Any CPU
		{0DE2D0CD-1A31-42C5-A8D3-75B6221A067C}.Release|x64.Build.0 = Release|Any CPU
		{0DE2D0CD-1A31-42C5-A8D3-75B6221A067C}.Release|x86.ActiveCfg = Release|Any CPU
		{0DE2D0CD-1A31-42C5-A8D3-75B6221A067C}.Release|x86.Build.0 = Release|Any CPU
		{83497043-B70A-4C9A-8B6B-56740F7C4D7B}.Debug|Any CPU.ActiveCfg = Debug|Any CPU
		{83497043-B70A-4C9A-8B6B-56740F7C4D7B}.Debug|Any CPU.Build.0 = Debug|Any CPU
		{83497043-B70A-4C9A-8B6B-56740F7C4D7B}.Debug|x64.ActiveCfg = Debug|Any CPU
		{83497043-B70A-4C9A-8B6B-56740F7C4D7B}.Debug|x64.Build.0 = Debug|Any CPU
		{83497043-B70A-4C9A-8B6B-56740F7C4D7B}.Debug|x86.ActiveCfg = Debug|Any CPU
		{83497043-B70A-4C9A-8B6B-56740F7C4D7B}.Debug|x86.Build.0 = Debug|Any CPU
		{83497043-B70A-4C9A-8B6B-56740F7C4D7B}.Release|Any CPU.ActiveCfg = Release|Any CPU
		{83497043-B70A-4C9A-8B6B-56740F7C4D7B}.Release|Any CPU.Build.0 = Release|Any CPU
		{83497043-B70A-4C9A-8B6B-56740F7C4D7B}.Release|x64.ActiveCfg = Release|Any CPU
		{83497043-B70A-4C9A-8B6B-56740F7C4D7B}.Release|x64.Build.0 = Release|Any CPU
		{83497043-B70A-4C9A-8B6B-56740F7C4D7B}.Release|x86.ActiveCfg = Release|Any CPU
		{83497043-B70A-4C9A-8B6B-56740F7C4D7B}.Release|x86.Build.0 = Release|Any CPU
		{5711BA4D-01E8-434F-9BE3-02D13EA3C77F}.Debug|Any CPU.ActiveCfg = Debug|Any CPU
		{5711BA4D-01E8-434F-9BE3-02D13EA3C77F}.Debug|Any CPU.Build.0 = Debug|Any CPU
		{5711BA4D-01E8-434F-9BE3-02D13EA3C77F}.Debug|x64.ActiveCfg = Debug|Any CPU
		{5711BA4D-01E8-434F-9BE3-02D13EA3C77F}.Debug|x64.Build.0 = Debug|Any CPU
		{5711BA4D-01E8-434F-9BE3-02D13EA3C77F}.Debug|x86.ActiveCfg = Debug|Any CPU
		{5711BA4D-01E8-434F-9BE3-02D13EA3C77F}.Debug|x86.Build.0 = Debug|Any CPU
		{5711BA4D-01E8-434F-9BE3-02D13EA3C77F}.Release|Any CPU.ActiveCfg = Release|Any CPU
		{5711BA4D-01E8-434F-9BE3-02D13EA3C77F}.Release|Any CPU.Build.0 = Release|Any CPU
		{5711BA4D-01E8-434F-9BE3-02D13EA3C77F}.Release|x64.ActiveCfg = Release|Any CPU
		{5711BA4D-01E8-434F-9BE3-02D13EA3C77F}.Release|x64.Build.0 = Release|Any CPU
		{5711BA4D-01E8-434F-9BE3-02D13EA3C77F}.Release|x86.ActiveCfg = Release|Any CPU
		{5711BA4D-01E8-434F-9BE3-02D13EA3C77F}.Release|x86.Build.0 = Release|Any CPU
		{6CDA8617-AAF5-4151-B86A-50762094859E}.Debug|Any CPU.ActiveCfg = Debug|Any CPU
		{6CDA8617-AAF5-4151-B86A-50762094859E}.Debug|Any CPU.Build.0 = Debug|Any CPU
		{6CDA8617-AAF5-4151-B86A-50762094859E}.Debug|x64.ActiveCfg = Debug|Any CPU
		{6CDA8617-AAF5-4151-B86A-50762094859E}.Debug|x64.Build.0 = Debug|Any CPU
		{6CDA8617-AAF5-4151-B86A-50762094859E}.Debug|x86.ActiveCfg = Debug|Any CPU
		{6CDA8617-AAF5-4151-B86A-50762094859E}.Debug|x86.Build.0 = Debug|Any CPU
		{6CDA8617-AAF5-4151-B86A-50762094859E}.Release|Any CPU.ActiveCfg = Release|Any CPU
		{6CDA8617-AAF5-4151-B86A-50762094859E}.Release|Any CPU.Build.0 = Release|Any CPU
		{6CDA8617-AAF5-4151-B86A-50762094859E}.Release|x64.ActiveCfg = Release|Any CPU
		{6CDA8617-AAF5-4151-B86A-50762094859E}.Release|x64.Build.0 = Release|Any CPU
		{6CDA8617-AAF5-4151-B86A-50762094859E}.Release|x86.ActiveCfg = Release|Any CPU
		{6CDA8617-AAF5-4151-B86A-50762094859E}.Release|x86.Build.0 = Release|Any CPU
		{572779C3-109A-44EA-8166-6513B3CDB63B}.Debug|Any CPU.ActiveCfg = Debug|Any CPU
		{572779C3-109A-44EA-8166-6513B3CDB63B}.Debug|Any CPU.Build.0 = Debug|Any CPU
		{572779C3-109A-44EA-8166-6513B3CDB63B}.Debug|x64.ActiveCfg = Debug|Any CPU
		{572779C3-109A-44EA-8166-6513B3CDB63B}.Debug|x64.Build.0 = Debug|Any CPU
		{572779C3-109A-44EA-8166-6513B3CDB63B}.Debug|x86.ActiveCfg = Debug|Any CPU
		{572779C3-109A-44EA-8166-6513B3CDB63B}.Debug|x86.Build.0 = Debug|Any CPU
		{572779C3-109A-44EA-8166-6513B3CDB63B}.Release|Any CPU.ActiveCfg = Release|Any CPU
		{572779C3-109A-44EA-8166-6513B3CDB63B}.Release|Any CPU.Build.0 = Release|Any CPU
		{572779C3-109A-44EA-8166-6513B3CDB63B}.Release|x64.ActiveCfg = Release|Any CPU
		{572779C3-109A-44EA-8166-6513B3CDB63B}.Release|x64.Build.0 = Release|Any CPU
		{572779C3-109A-44EA-8166-6513B3CDB63B}.Release|x86.ActiveCfg = Release|Any CPU
		{572779C3-109A-44EA-8166-6513B3CDB63B}.Release|x86.Build.0 = Release|Any CPU
		{9EB41060-B453-4816-AD32-5D3040CCF4A6}.Debug|Any CPU.ActiveCfg = Debug|Any CPU
		{9EB41060-B453-4816-AD32-5D3040CCF4A6}.Debug|Any CPU.Build.0 = Debug|Any CPU
		{9EB41060-B453-4816-AD32-5D3040CCF4A6}.Debug|x64.ActiveCfg = Debug|Any CPU
		{9EB41060-B453-4816-AD32-5D3040CCF4A6}.Debug|x64.Build.0 = Debug|Any CPU
		{9EB41060-B453-4816-AD32-5D3040CCF4A6}.Debug|x86.ActiveCfg = Debug|Any CPU
		{9EB41060-B453-4816-AD32-5D3040CCF4A6}.Debug|x86.Build.0 = Debug|Any CPU
		{9EB41060-B453-4816-AD32-5D3040CCF4A6}.Release|Any CPU.ActiveCfg = Release|Any CPU
		{9EB41060-B453-4816-AD32-5D3040CCF4A6}.Release|Any CPU.Build.0 = Release|Any CPU
		{9EB41060-B453-4816-AD32-5D3040CCF4A6}.Release|x64.ActiveCfg = Release|Any CPU
		{9EB41060-B453-4816-AD32-5D3040CCF4A6}.Release|x64.Build.0 = Release|Any CPU
		{9EB41060-B453-4816-AD32-5D3040CCF4A6}.Release|x86.ActiveCfg = Release|Any CPU
		{9EB41060-B453-4816-AD32-5D3040CCF4A6}.Release|x86.Build.0 = Release|Any CPU
		{10D27F4D-6958-4B7F-BED2-9F8B57E4D909}.Debug|Any CPU.ActiveCfg = Debug|Any CPU
		{10D27F4D-6958-4B7F-BED2-9F8B57E4D909}.Debug|Any CPU.Build.0 = Debug|Any CPU
		{10D27F4D-6958-4B7F-BED2-9F8B57E4D909}.Debug|x64.ActiveCfg = Debug|Any CPU
		{10D27F4D-6958-4B7F-BED2-9F8B57E4D909}.Debug|x64.Build.0 = Debug|Any CPU
		{10D27F4D-6958-4B7F-BED2-9F8B57E4D909}.Debug|x86.ActiveCfg = Debug|Any CPU
		{10D27F4D-6958-4B7F-BED2-9F8B57E4D909}.Debug|x86.Build.0 = Debug|Any CPU
		{10D27F4D-6958-4B7F-BED2-9F8B57E4D909}.Release|Any CPU.ActiveCfg = Release|Any CPU
		{10D27F4D-6958-4B7F-BED2-9F8B57E4D909}.Release|Any CPU.Build.0 = Release|Any CPU
		{10D27F4D-6958-4B7F-BED2-9F8B57E4D909}.Release|x64.ActiveCfg = Release|Any CPU
		{10D27F4D-6958-4B7F-BED2-9F8B57E4D909}.Release|x64.Build.0 = Release|Any CPU
		{10D27F4D-6958-4B7F-BED2-9F8B57E4D909}.Release|x86.ActiveCfg = Release|Any CPU
		{10D27F4D-6958-4B7F-BED2-9F8B57E4D909}.Release|x86.Build.0 = Release|Any CPU
		{8236F463-FD72-4401-8FCB-171C86EE3C1A}.Debug|Any CPU.ActiveCfg = Debug|Any CPU
		{8236F463-FD72-4401-8FCB-171C86EE3C1A}.Debug|Any CPU.Build.0 = Debug|Any CPU
		{8236F463-FD72-4401-8FCB-171C86EE3C1A}.Debug|x64.ActiveCfg = Debug|Any CPU
		{8236F463-FD72-4401-8FCB-171C86EE3C1A}.Debug|x64.Build.0 = Debug|Any CPU
		{8236F463-FD72-4401-8FCB-171C86EE3C1A}.Debug|x86.ActiveCfg = Debug|Any CPU
		{8236F463-FD72-4401-8FCB-171C86EE3C1A}.Debug|x86.Build.0 = Debug|Any CPU
		{8236F463-FD72-4401-8FCB-171C86EE3C1A}.Release|Any CPU.ActiveCfg = Release|Any CPU
		{8236F463-FD72-4401-8FCB-171C86EE3C1A}.Release|Any CPU.Build.0 = Release|Any CPU
		{8236F463-FD72-4401-8FCB-171C86EE3C1A}.Release|x64.ActiveCfg = Release|Any CPU
		{8236F463-FD72-4401-8FCB-171C86EE3C1A}.Release|x64.Build.0 = Release|Any CPU
		{8236F463-FD72-4401-8FCB-171C86EE3C1A}.Release|x86.ActiveCfg = Release|Any CPU
		{8236F463-FD72-4401-8FCB-171C86EE3C1A}.Release|x86.Build.0 = Release|Any CPU

	EndGlobalSection
	GlobalSection(SolutionProperties) = preSolution
		HideSolutionNode = FALSE
	EndGlobalSection
	GlobalSection(NestedProjects) = preSolution
		{983AAABA-65F5-43CE-8A72-E2BD12AECEA4} = {02EA681E-C7D8-13C7-8484-4AC65E1B71E8}
		{8E604477-D2AC-48FD-A8EF-349D246FAC03} = {E0000000-0000-0000-0000-000000000001}
		{A1C7DAC3-2F17-4A34-078C-478180B72148} = {8E604477-D2AC-48FD-A8EF-349D246FAC03}
		{9E47C24A-8E78-AD21-4A98-232284B0394C} = {8E604477-D2AC-48FD-A8EF-349D246FAC03}
		{7C7FF4E5-FB42-6FCB-ED9C-E27CF40B6DA9} = {8E604477-D2AC-48FD-A8EF-349D246FAC03}
		{BF4216B8-2CA4-728D-84CD-0490ACE58275} = {8E604477-D2AC-48FD-A8EF-349D246FAC03}
		{3462DB16-D695-9630-4391-D5ED5935099A} = {983AAABA-65F5-43CE-8A72-E2BD12AECEA4}
		{5853E354-EB72-486A-B01F-83EA45070B1A} = {8E604477-D2AC-48FD-A8EF-349D246FAC03}
		{F2B8C9A1-3D4E-4F5A-8B7C-1E9F0D2A5C3B} = {8E604477-D2AC-48FD-A8EF-349D246FAC03}
		{C6D12F93-D17B-4166-AD38-093ECCB27DC8} = {02EA681E-C7D8-13C7-8484-4AC65E1B71E8}
		{C172BC1D-CA86-4940-B274-58919BC27A3F} = {C6D12F93-D17B-4166-AD38-093ECCB27DC8}
		{E25CFF53-28E9-4255-861A-1E31BBFE02D9} = {C6D12F93-D17B-4166-AD38-093ECCB27DC8}
		{0DE2D0CD-1A31-42C5-A8D3-75B6221A067C} = {C6D12F93-D17B-4166-AD38-093ECCB27DC8}
		{83497043-B70A-4C9A-8B6B-56740F7C4D7B} = {C6D12F93-D17B-4166-AD38-093ECCB27DC8}
		{17EF53D8-2BD8-436D-928E-85A1108F6781} = {02EA681E-C7D8-13C7-8484-4AC65E1B71E8}
		{5711BA4D-01E8-434F-9BE3-02D13EA3C77F} = {17EF53D8-2BD8-436D-928E-85A1108F6781}
		{6CDA8617-AAF5-4151-B86A-50762094859E} = {17EF53D8-2BD8-436D-928E-85A1108F6781}
		{572779C3-109A-44EA-8166-6513B3CDB63B} = {17EF53D8-2BD8-436D-928E-85A1108F6781}
		{9EB41060-B453-4816-AD32-5D3040CCF4A6} = {17EF53D8-2BD8-436D-928E-85A1108F6781}
		{10D27F4D-6958-4B7F-BED2-9F8B57E4D909} = {E2A1845F-AD98-4844-BFF1-F07B959A2DC0}
		{8236F463-FD72-4401-8FCB-171C86EE3C1A} = {8E604477-D2AC-48FD-A8EF-349D246FAC03}
		{E2A1845F-AD98-4844-BFF1-F07B959A2DC0} = {02EA681E-C7D8-13C7-8484-4AC65E1B71E8}
		{E0000000-0000-0000-0000-000000000002} = {E0000000-0000-0000-0000-000000000001}
		{E0000000-0000-0000-0000-000000000004} = {E0000000-0000-0000-0000-000000000003}

	EndGlobalSection
	GlobalSection(ExtensibilityGlobals) = postSolution
		SolutionGuid = {D8C2701B-2199-41FF-B96B-89B56EA2198C}
	EndGlobalSection
EndGlobal
